
Microsoft Visual Studio Solution File, Format Version 12.00
# Visual Studio Version 17
VisualStudioVersion = 17.13.35931.197
MinimumVisualStudioVersion = 10.0.40219.1
Project("{FAE04EC0-301F-11D3-BF4B-00C04F79EFBC}") = "UI", "UI\UI.csproj", "{1988EBC3-93E1-4BCA-967B-E0782566C22F}"
EndProject
Project("{FAE04EC0-301F-11D3-BF4B-00C04F79EFBC}") = "Dominio", "Dominio\Dominio.csproj", "{EEAD838A-3E1F-411D-808B-B9FE9DE37C82}"
EndProject
Project("{FAE04EC0-301F-11D3-BF4B-00C04F79EFBC}") = "Negocio", "Negocio\Negocio.csproj", "{EB2F35C7-6F52-4852-A2B9-7D3891836D66}"
EndProject
Project("{FAE04EC0-301F-11D3-BF4B-00C04F79EFBC}") = "Services", "Services\Services.csproj", "{FE074734-6CC0-460B-BC83-994CF9620096}"
EndProject
Global
	GlobalSection(SolutionConfigurationPlatforms) = preSolution
		Debug|Any CPU = Debug|Any CPU
		Release|Any CPU = Release|Any CPU
	EndGlobalSection
	GlobalSection(ProjectConfigurationPlatforms) = postSolution
		{1988EBC3-93E1-4BCA-967B-E0782566C22F}.Debug|Any CPU.ActiveCfg = Debug|Any CPU
		{1988EBC3-93E1-4BCA-967B-E0782566C22F}.Debug|Any CPU.Build.0 = Debug|Any CPU
		{1988EBC3-93E1-4BCA-967B-E0782566C22F}.Release|Any CPU.ActiveCfg = Release|Any CPU
		{1988EBC3-93E1-4BCA-967B-E0782566C22F}.Release|Any CPU.Build.0 = Release|Any CPU
		{EEAD838A-3E1F-411D-808B-B9FE9DE37C82}.Debug|Any CPU.ActiveCfg = Debug|Any CPU
		{EEAD838A-3E1F-411D-808B-B9FE9DE37C82}.Debug|Any CPU.Build.0 = Debug|Any CPU
		{EEAD838A-3E1F-411D-808B-B9FE9DE37C82}.Release|Any CPU.ActiveCfg = Release|Any CPU
		{EEAD838A-3E1F-411D-808B-B9FE9DE37C82}.Release|Any CPU.Build.0 = Release|Any CPU
		{EB2F35C7-6F52-4852-A2B9-7D3891836D66}.Debug|Any CPU.ActiveCfg = Debug|Any CPU
		{EB2F35C7-6F52-4852-A2B9-7D3891836D66}.Debug|Any CPU.Build.0 = Debug|Any CPU
		{EB2F35C7-6F52-4852-A2B9-7D3891836D66}.Release|Any CPU.ActiveCfg = Release|Any CPU
		{EB2F35C7-6F52-4852-A2B9-7D3891836D66}.Release|Any CPU.Build.0 = Release|Any CPU
		{FE074734-6CC0-460B-BC83-994CF9620096}.Debug|Any CPU.ActiveCfg = Debug|Any CPU
		{FE074734-6CC0-460B-BC83-994CF9620096}.Debug|Any CPU.Build.0 = Debug|Any CPU
		{FE074734-6CC0-460B-BC83-994CF9620096}.Release|Any CPU.ActiveCfg = Release|Any CPU
		{FE074734-6CC0-460B-BC83-994CF9620096}.Release|Any CPU.Build.0 = Release|Any CPU
	EndGlobalSection
	GlobalSection(SolutionProperties) = preSolution
		HideSolutionNode = FALSE
	EndGlobalSection
	GlobalSection(ExtensibilityGlobals) = postSolution
		SolutionGuid = {D584B94A-FC46-4D43-820A-99B2A75CCAB9}
	EndGlobalSection
EndGlobal
